{
  "name": "summit-web",
  "version": "0.1.0",
  "lockfileVersion": 1,
  "requires": true,
  "dependencies": {
    "pubsubjs": {
      "version": "0.3.9",
      "resolved": "https://registry.npmjs.org/pubsubjs/-/pubsubjs-0.3.9.tgz",
      "integrity": "sha1-5l+rF6OtBzjfL5tAmHk/cfNnZTU="
    }
  }
}
